
Microsoft Visual Studio Solution File, Format Version 12.00
# Visual Studio Version 16
VisualStudioVersion = 16.0.29613.14
MinimumVisualStudioVersion = 10.0.40219.1
Project("{FAE04EC0-301F-11D3-BF4B-00C04F79EFBC}") = "ParseMail", "Sandbox\ParseMail.csproj", "{FA29E926-80F7-4C88-B336-84BA2EA399E3}"
EndProject
Global
	GlobalSection(SolutionConfigurationPlatforms) = preSolution
		Debug|Any CPU = Debug|Any CPU
		Release|Any CPU = Release|Any CPU
	EndGlobalSection
	GlobalSection(ProjectConfigurationPlatforms) = postSolution
		{FA29E926-80F7-4C88-B336-84BA2EA399E3}.Debug|Any CPU.ActiveCfg = Debug|Any CPU
		{FA29E926-80F7-4C88-B336-84BA2EA399E3}.Debug|Any CPU.Build.0 = Debug|Any CPU
		{FA29E926-80F7-4C88-B336-84BA2EA399E3}.Release|Any CPU.ActiveCfg = Release|Any CPU
		{FA29E926-80F7-4C88-B336-84BA2EA399E3}.Release|Any CPU.Build.0 = Release|Any CPU
	EndGlobalSection
	GlobalSection(SolutionProperties) = preSolution
		HideSolutionNode = FALSE
	EndGlobalSection
	GlobalSection(ExtensibilityGlobals) = postSolution
		SolutionGuid = {F606CFF8-A9F4-4FAB-A570-EFC14728F65F}
	EndGlobalSection
EndGlobal
